
Microsoft Visual Studio Solution File, Format Version 12.00
# Visual Studio Version 17
VisualStudioVersion = 17.7.34031.279
MinimumVisualStudioVersion = 10.0.40219.1
Project("{FAE04EC0-301F-11D3-BF4B-00C04F79EFBC}") = "LIN.Maps.Server", "LIN.Maps.Server\LIN.Maps.Server.csproj", "{2C472990-3702-4685-A24D-5D6FAFB0C8D5}"
EndProject
Global
	GlobalSection(SolutionConfigurationPlatforms) = preSolution
		Debug|Any CPU = Debug|Any CPU
		Release|Any CPU = Release|Any CPU
	EndGlobalSection
	GlobalSection(ProjectConfigurationPlatforms) = postSolution
		{2C472990-3702-4685-A24D-5D6FAFB0C8D5}.Debug|Any CPU.ActiveCfg = Debug|Any CPU
		{2C472990-3702-4685-A24D-5D6FAFB0C8D5}.Debug|Any CPU.Build.0 = Debug|Any CPU
		{2C472990-3702-4685-A24D-5D6FAFB0C8D5}.Release|Any CPU.ActiveCfg = Release|Any CPU
		{2C472990-3702-4685-A24D-5D6FAFB0C8D5}.Release|Any CPU.Build.0 = Release|Any CPU
	EndGlobalSection
	GlobalSection(SolutionProperties) = preSolution
		HideSolutionNode = FALSE
	EndGlobalSection
	GlobalSection(ExtensibilityGlobals) = postSolution
		SolutionGuid = {C27F2DF1-A23A-45BD-A2BF-F07668B609FC}
	EndGlobalSection
EndGlobal
